
Microsoft Visual Studio Solution File, Format Version 12.00
# Visual Studio Version 17
VisualStudioVersion = 17.3.32825.248
MinimumVisualStudioVersion = 10.0.40219.1
Project("{FAE04EC0-301F-11D3-BF4B-00C04F79EFBC}") = "SecureApi", "SecureApi.csproj", "{C1CA7410-273D-462A-B304-15EEF107BC85}"
EndProject
Global
	GlobalSection(SolutionConfigurationPlatforms) = preSolution
		Debug|Any CPU = Debug|Any CPU
		Release|Any CPU = Release|Any CPU
	EndGlobalSection
	GlobalSection(ProjectConfigurationPlatforms) = postSolution
		{C1CA7410-273D-462A-B304-15EEF107BC85}.Debug|Any CPU.ActiveCfg = Debug|Any CPU
		{C1CA7410-273D-462A-B304-15EEF107BC85}.Debug|Any CPU.Build.0 = Debug|Any CPU
		{C1CA7410-273D-462A-B304-15EEF107BC85}.Release|Any CPU.ActiveCfg = Release|Any CPU
		{C1CA7410-273D-462A-B304-15EEF107BC85}.Release|Any CPU.Build.0 = Release|Any CPU
	EndGlobalSection
	GlobalSection(SolutionProperties) = preSolution
		HideSolutionNode = FALSE
	EndGlobalSection
	GlobalSection(ExtensibilityGlobals) = postSolution
		SolutionGuid = {2BAAB99D-DF68-4FD7-A4CB-9F3DB375323E}
	EndGlobalSection
EndGlobal
